
Microsoft Visual Studio Solution File, Format Version 12.00
# Visual Studio 15
VisualStudioVersion = 15.0.28010.2048
MinimumVisualStudioVersion = 10.0.40219.1
Project("{FAE04EC0-301F-11D3-BF4B-00C04F79EFBC}") = "TestFinal", "TestFinal\TestFinal\TestFinal.csproj", "{81DE6284-7394-480C-A9F8-ADE07B59B305}"
EndProject
Project("{FAE04EC0-301F-11D3-BF4B-00C04F79EFBC}") = "TestFinal.Android", "TestFinal\TestFinal.Android\TestFinal.Android.csproj", "{D53C7E11-8194-4630-B7D8-88EC18C04130}"
EndProject
Global
	GlobalSection(SolutionConfigurationPlatforms) = preSolution
		Debug|Any CPU = Debug|Any CPU
		Release|Any CPU = Release|Any CPU
	EndGlobalSection
	GlobalSection(ProjectConfigurationPlatforms) = postSolution
		{81DE6284-7394-480C-A9F8-ADE07B59B305}.Debug|Any CPU.ActiveCfg = Debug|Any CPU
		{81DE6284-7394-480C-A9F8-ADE07B59B305}.Debug|Any CPU.Build.0 = Debug|Any CPU
		{81DE6284-7394-480C-A9F8-ADE07B59B305}.Release|Any CPU.ActiveCfg = Release|Any CPU
		{81DE6284-7394-480C-A9F8-ADE07B59B305}.Release|Any CPU.Build.0 = Release|Any CPU
		{D53C7E11-8194-4630-B7D8-88EC18C04130}.Debug|Any CPU.ActiveCfg = Debug|Any CPU
		{D53C7E11-8194-4630-B7D8-88EC18C04130}.Debug|Any CPU.Build.0 = Debug|Any CPU
		{D53C7E11-8194-4630-B7D8-88EC18C04130}.Debug|Any CPU.Deploy.0 = Debug|Any CPU
		{D53C7E11-8194-4630-B7D8-88EC18C04130}.Release|Any CPU.ActiveCfg = Release|Any CPU
		{D53C7E11-8194-4630-B7D8-88EC18C04130}.Release|Any CPU.Build.0 = Release|Any CPU
		{D53C7E11-8194-4630-B7D8-88EC18C04130}.Release|Any CPU.Deploy.0 = Release|Any CPU
	EndGlobalSection
	GlobalSection(SolutionProperties) = preSolution
		HideSolutionNode = FALSE
	EndGlobalSection
	GlobalSection(ExtensibilityGlobals) = postSolution
		SolutionGuid = {9B566D98-C426-4592-9005-F21F5ED2ECB7}
	EndGlobalSection
EndGlobal
